{
  "name": "DevMarket",
  "version": "1.0.0",
  "lockfileVersion": 3,
  "requires": true,
  "packages": {
    "": {
      "name": "DevMarket",
      "version": "1.0.0",
      "license": "MIT",
      "dependencies": {
        "devextreme-dist": "24.2-stable"
      }
    },
    "node_modules/devextreme-dist": {
      "version": "24.2.11",
      "resolved": "https://registry.npmjs.org/devextreme-dist/-/devextreme-dist-24.2.11.tgz",
      "integrity": "sha512-Hk6jEb/x0FlV/JJy9fUx25xSJiTWRY7su4IN+hhgNB4yeZBylzz2W2ONBXyYcRRN/r65xP9I3KSAWzl/f95r+Q=="
    }
  }
}
